dependencies:
- name: keda
  repository: https://kedacore.github.io/charts
  version: 2.12.1
- name: ingress-nginx
  repository: https://kubernetes.github.io/ingress-nginx
  version: 4.8.3
digest: sha256:87693847a5eaee2e40653ad6c3c5a54cb5781e725019452e4c00ebc29fd25f53
generated: "2024-03-19T17:00:18.691545255+01:00"
